// !$*UTF8*$!
{
	archiveVersion = 1;
	classes = {
	};
	objectVersion = 56;
	objects = {

/* Begin PBXBuildFile section */
		60436A3D2A0A5A2D008206FE /* AppDelegate.swift in Sources */ = {isa = PBXBuildFile; fileRef = 60436A3C2A0A5A2D008206FE /* AppDelegate.swift */; };
		60436A3F2A0A5A2D008206FE /* SceneDelegate.swift in Sources */ = {isa = PBXBuildFile; fileRef = 60436A3E2A0A5A2D008206FE /* SceneDelegate.swift */; };
		60436A412A0A5A2D008206FE /* LoginViewController.swift in Sources */ = {isa = PBXBuildFile; fileRef = 60436A402A0A5A2D008206FE /* LoginViewController.swift */; };
		60436A442A0A5A2D008206FE /* Main.storyboard in Resources */ = {isa = PBXBuildFile; fileRef = 60436A422A0A5A2D008206FE /* Main.storyboard */; };
		60436A462A0A5A2F008206FE /* Assets.xcassets in Resources */ = {isa = PBXBuildFile; fileRef = 60436A452A0A5A2F008206FE /* Assets.xcassets */; };
		60436A492A0A5A2F008206FE /* LaunchScreen.storyboard in Resources */ = {isa = PBXBuildFile; fileRef = 60436A472A0A5A2F008206FE /* LaunchScreen.storyboard */; };
		60559A812A0A9F2A0086C18E /* WelcomeViewController.swift in Sources */ = {isa = PBXBuildFile; fileRef = 60559A802A0A9F2A0086C18E /* WelcomeViewController.swift */; };
		609979F72A10F42700CA7906 /* Extension + UITextView.swift in Sources */ = {isa = PBXBuildFile; fileRef = 609979F62A10F42700CA7906 /* Extension + UITextView.swift */; };
		60A354CC2A0FA676000EDF98 /* Extension + UIView.swift in Sources */ = {isa = PBXBuildFile; fileRef = 60A354CB2A0FA676000EDF98 /* Extension + UIView.swift */; };
		60A354D52A0FDF97000EDF98 /* User.swift in Sources */ = {isa = PBXBuildFile; fileRef = 60A354D42A0FDF97000EDF98 /* User.swift */; };
		60A354D72A0FF762000EDF98 /* PersonViewController.swift in Sources */ = {isa = PBXBuildFile; fileRef = 60A354D62A0FF762000EDF98 /* PersonViewController.swift */; };
		60A354D92A100EBA000EDF98 /* BioViewController.swift in Sources */ = {isa = PBXBuildFile; fileRef = 60A354D82A100EBA000EDF98 /* BioViewController.swift */; };
/* End PBXBuildFile section */

/* Begin PBXFileReference section */
		60436A392A0A5A2D008206FE /* LoginForm.app */ = {isa = PBXFileReference; explicitFileType = wrapper.application; includeInIndex = 0; path = LoginForm.app; sourceTree = BUILT_PRODUCTS_DIR; };
		60436A3C2A0A5A2D008206FE /* AppDelegate.swift */ = {isa = PBXFileReference; lastKnownFileType = sourcecode.swift; path = AppDelegate.swift; sourceTree = "<group>"; };
		60436A3E2A0A5A2D008206FE /* SceneDelegate.swift */ = {isa = PBXFileReference; lastKnownFileType = sourcecode.swift; path = SceneDelegate.swift; sourceTree = "<group>"; };
		60436A402A0A5A2D008206FE /* LoginViewController.swift */ = {isa = PBXFileReference; lastKnownFileType = sourcecode.swift; path = LoginViewController.swift; sourceTree = "<group>"; };
		60436A432A0A5A2D008206FE /* Base */ = {isa = PBXFileReference; lastKnownFileType = file.storyboard; name = Base; path = Base.lproj/Main.storyboard; sourceTree = "<group>"; };
		60436A452A0A5A2F008206FE /* Assets.xcassets */ = {isa = PBXFileReference; lastKnownFileType = folder.assetcatalog; path = Assets.xcassets; sourceTree = "<group>"; };
		60436A482A0A5A2F008206FE /* Base */ = {isa = PBXFileReference; lastKnownFileType = file.storyboard; name = Base; path = Base.lproj/LaunchScreen.storyboard; sourceTree = "<group>"; };
		60436A4A2A0A5A2F008206FE /* Info.plist */ = {isa = PBXFileReference; lastKnownFileType = text.plist.xml; path = Info.plist; sourceTree = "<group>"; };
		60559A802A0A9F2A0086C18E /* WelcomeViewController.swift */ = {isa = PBXFileReference; lastKnownFileType = sourcecode.swift; path = WelcomeViewController.swift; sourceTree = "<group>"; };
		609979F62A10F42700CA7906 /* Extension + UITextView.swift */ = {isa = PBXFileReference; lastKnownFileType = sourcecode.swift; path = "Extension + UITextView.swift"; sourceTree = "<group>"; };
		60A354CB2A0FA676000EDF98 /* Extension + UIView.swift */ = {isa = PBXFileReference; lastKnownFileType = sourcecode.swift; path = "Extension + UIView.swift"; sourceTree = "<group>"; };
		60A354D42A0FDF97000EDF98 /* User.swift */ = {isa = PBXFileReference; lastKnownFileType = sourcecode.swift; path = User.swift; sourceTree = "<group>"; };
		60A354D62A0FF762000EDF98 /* PersonViewController.swift */ = {isa = PBXFileReference; lastKnownFileType = sourcecode.swift; path = PersonViewController.swift; sourceTree = "<group>"; };
		60A354D82A100EBA000EDF98 /* BioViewController.swift */ = {isa = PBXFileReference; lastKnownFileType = sourcecode.swift; path = BioViewController.swift; sourceTree = "<group>"; };
/* End PBXFileReference section */

/* Begin PBXFrameworksBuildPhase section */
		60436A362A0A5A2D008206FE /* Frameworks */ = {
			isa = PBXFrameworksBuildPhase;
			buildActionMask = 2147483647;
			files = (
			);
			runOnlyForDeploymentPostprocessing = 0;
		};
/* End PBXFrameworksBuildPhase section */

/* Begin PBXGroup section */
		60436A302A0A5A2D008206FE = {
			isa = PBXGroup;
			children = (
				60436A3B2A0A5A2D008206FE /* LoginForm */,
				60436A3A2A0A5A2D008206FE /* Products */,
			);
			sourceTree = "<group>";
		};
		60436A3A2A0A5A2D008206FE /* Products */ = {
			isa = PBXGroup;
			children = (
				60436A392A0A5A2D008206FE /* LoginForm.app */,
			);
			name = Products;
			sourceTree = "<group>";
		};
		60436A3B2A0A5A2D008206FE /* LoginForm */ = {
			isa = PBXGroup;
			children = (
				60A354CD2A0FAE83000EDF98 /* App */,
				60A354D12A0FAF37000EDF98 /* Extensions */,
				60A354D32A0FAF79000EDF98 /* Models */,
				60A354D22A0FAF48000EDF98 /* Resources */,
				60A354CF2A0FAEEB000EDF98 /* Storyboards */,
				60A354CE2A0FAECD000EDF98 /* ViewControllers */,
			);
			path = LoginForm;
			sourceTree = "<group>";
		};
		60A354CD2A0FAE83000EDF98 /* App */ = {
			isa = PBXGroup;
			children = (
				60436A3C2A0A5A2D008206FE /* AppDelegate.swift */,
				60436A3E2A0A5A2D008206FE /* SceneDelegate.swift */,
				60436A4A2A0A5A2F008206FE /* Info.plist */,
			);
			path = App;
			sourceTree = "<group>";
		};
		60A354CE2A0FAECD000EDF98 /* ViewControllers */ = {
			isa = PBXGroup;
			children = (
				60436A402A0A5A2D008206FE /* LoginViewController.swift */,
				60559A802A0A9F2A0086C18E /* WelcomeViewController.swift */,
				60A354D62A0FF762000EDF98 /* PersonViewController.swift */,
				60A354D82A100EBA000EDF98 /* BioViewController.swift */,
			);
			name = ViewControllers;
			path = Storyboards/ViewControllers;
			sourceTree = "<group>";
		};
		60A354CF2A0FAEEB000EDF98 /* Storyboards */ = {
			isa = PBXGroup;
			children = (
				60436A422A0A5A2D008206FE /* Main.storyboard */,
				60436A472A0A5A2F008206FE /* LaunchScreen.storyboard */,
			);
			path = Storyboards;
			sourceTree = "<group>";
		};
		60A354D12A0FAF37000EDF98 /* Extensions */ = {
			isa = PBXGroup;
			children = (
				60A354CB2A0FA676000EDF98 /* Extension + UIView.swift */,
				609979F62A10F42700CA7906 /* Extension + UITextView.swift */,
			);
			path = Extensions;
			sourceTree = "<group>";
		};
		60A354D22A0FAF48000EDF98 /* Resources */ = {
			isa = PBXGroup;
			children = (
				60436A452A0A5A2F008206FE /* Assets.xcassets */,
			);
			path = Resources;
			sourceTree = "<group>";
		};
		60A354D32A0FAF79000EDF98 /* Models */ = {
			isa = PBXGroup;
			children = (
				60A354D42A0FDF97000EDF98 /* User.swift */,
			);
			path = Models;
			sourceTree = "<group>";
		};
/* End PBXGroup section */

/* Begin PBXNativeTarget section */
		60436A382A0A5A2D008206FE /* LoginForm */ = {
			isa = PBXNativeTarget;
			buildConfigurationList = 60436A4D2A0A5A2F008206FE /* Build configuration list for PBXNativeTarget "LoginForm" */;
			buildPhases = (
				60436A352A0A5A2D008206FE /* Sources */,
				60436A362A0A5A2D008206FE /* Frameworks */,
				60436A372A0A5A2D008206FE /* Resources */,
			);
			buildRules = (
			);
			dependencies = (
			);
			name = LoginForm;
			productName = LoginForm;
			productReference = 60436A392A0A5A2D008206FE /* LoginForm.app */;
			productType = "com.apple.product-type.application";
		};
/* End PBXNativeTarget section */

/* Begin PBXProject section */
		60436A312A0A5A2D008206FE /* Project object */ = {
			isa = PBXProject;
			attributes = {
				BuildIndependentTargetsInParallel = 1;
				LastSwiftUpdateCheck = 1430;
				LastUpgradeCheck = 1430;
				TargetAttributes = {
					60436A382A0A5A2D008206FE = {
						CreatedOnToolsVersion = 14.3;
					};
				};
			};
			buildConfigurationList = 60436A342A0A5A2D008206FE /* Build configuration list for PBXProject "LoginForm" */;
			compatibilityVersion = "Xcode 14.0";
			developmentRegion = en;
			hasScannedForEncodings = 0;
			knownRegions = (
				en,
				Base,
			);
			mainGroup = 60436A302A0A5A2D008206FE;
			productRefGroup = 60436A3A2A0A5A2D008206FE /* Products */;
			projectDirPath = "";
			projectRoot = "";
			targets = (
				60436A382A0A5A2D008206FE /* LoginForm */,
			);
		};
/* End PBXProject section */

/* Begin PBXResourcesBuildPhase section */
		60436A372A0A5A2D008206FE /* Resources */ = {
			isa = PBXResourcesBuildPhase;
			buildActionMask = 2147483647;
			files = (
				60436A492A0A5A2F008206FE /* LaunchScreen.storyboard in Resources */,
				60436A462A0A5A2F008206FE /* Assets.xcassets in Resources */,
				60436A442A0A5A2D008206FE /* Main.storyboard in Resources */,
			);
			runOnlyForDeploymentPostprocessing = 0;
		};
/* End PBXResourcesBuildPhase section */

/* Begin PBXSourcesBuildPhase section */
		60436A352A0A5A2D008206FE /* Sources */ = {
			isa = PBXSourcesBuildPhase;
			buildActionMask = 2147483647;
			files = (
				60436A412A0A5A2D008206FE /* LoginViewController.swift in Sources */,
				60A354CC2A0FA676000EDF98 /* Extension + UIView.swift in Sources */,
				60A354D52A0FDF97000EDF98 /* User.swift in Sources */,
				60A354D92A100EBA000EDF98 /* BioViewController.swift in Sources */,
				60559A812A0A9F2A0086C18E /* WelcomeViewController.swift in Sources */,
				60436A3D2A0A5A2D008206FE /* AppDelegate.swift in Sources */,
				609979F72A10F42700CA7906 /* Extension + UITextView.swift in Sources */,
				60436A3F2A0A5A2D008206FE /* SceneDelegate.swift in Sources */,
				60A354D72A0FF762000EDF98 /* PersonViewController.swift in Sources */,
			);
			runOnlyForDeploymentPostprocessing = 0;
		};
/* End PBXSourcesBuildPhase section */

/* Begin PBXVariantGroup section */
		60436A422A0A5A2D008206FE /* Main.storyboard */ = {
			isa = PBXVariantGroup;
			children = (
				60436A432A0A5A2D008206FE /* Base */,
			);
			name = Main.storyboard;
			sourceTree = "<group>";
		};
		60436A472A0A5A2F008206FE /* LaunchScreen.storyboard */ = {
			isa = PBXVariantGroup;
			children = (
				60436A482A0A5A2F008206FE /* Base */,
			);
			name = LaunchScreen.storyboard;
			sourceTree = "<group>";
		};
/* End PBXVariantGroup section */

/* Begin XCBuildConfiguration section */
		60436A4B2A0A5A2F008206FE /* Debug */ = {
			isa = XCBuildConfiguration;
			buildSettings = {
				ALWAYS_SEARCH_USER_PATHS = NO;
				CLANG_ANALYZER_NONNULL = YES;
				CLANG_ANALYZER_NUMBER_OBJECT_CONVERSION = YES_AGGRESSIVE;
				CLANG_CXX_LANGUAGE_STANDARD = "gnu++20";
				CLANG_ENABLE_MODULES = YES;
				CLANG_ENABLE_OBJC_ARC = YES;
				CLANG_ENABLE_OBJC_WEAK = YES;
				CLANG_WARN_BLOCK_CAPTURE_AUTORELEASING = YES;
				CLANG_WARN_BOOL_CONVERSION = YES;
				CLANG_WARN_COMMA = YES;
				CLANG_WARN_CONSTANT_CONVERSION = YES;
				CLANG_WARN_DEPRECATED_OBJC_IMPLEMENTATIONS = YES;
				CLANG_WARN_DIRECT_OBJC_ISA_USAGE = YES_ERROR;
				CLANG_WARN_DOCUMENTATION_COMMENTS = YES;
				CLANG_WARN_EMPTY_BODY = YES;
				CLANG_WARN_ENUM_CONVERSION = YES;
				CLANG_WARN_INFINITE_RECURSION = YES;
				CLANG_WARN_INT_CONVERSION = YES;
				CLANG_WARN_NON_LITERAL_NULL_CONVERSION = YES;
				CLANG_WARN_OBJC_IMPLICIT_RETAIN_SELF = YES;
				CLANG_WARN_OBJC_LITERAL_CONVERSION = YES;
				CLANG_WARN_OBJC_ROOT_CLASS = YES_ERROR;
				CLANG_WARN_QUOTED_INCLUDE_IN_FRAMEWORK_HEADER = YES;
				CLANG_WARN_RANGE_LOOP_ANALYSIS = YES;
				CLANG_WARN_STRICT_PROTOTYPES = YES;
				CLANG_WARN_SUSPICIOUS_MOVE = YES;
				CLANG_WARN_UNGUARDED_AVAILABILITY = YES_AGGRESSIVE;
				CLANG_WARN_UNREACHABLE_CODE = YES;
				CLANG_WARN__DUPLICATE_METHOD_MATCH = YES;
				COPY_PHASE_STRIP = NO;
				DEBUG_INFORMATION_FORMAT = dwarf;
				ENABLE_STRICT_OBJC_MSGSEND = YES;
				ENABLE_TESTABILITY = YES;
				GCC_C_LANGUAGE_STANDARD = gnu11;
				GCC_DYNAMIC_NO_PIC = NO;
				GCC_NO_COMMON_BLOCKS = YES;
				GCC_OPTIMIZATION_LEVEL = 0;
				GCC_PREPROCESSOR_DEFINITIONS = (
					"DEBUG=1",
					"$(inherited)",
				);
				GCC_WARN_64_TO_32_BIT_CONVERSION = YES;
				GCC_WARN_ABOUT_RETURN_TYPE = YES_ERROR;
				GCC_WARN_UNDECLARED_SELECTOR = YES;
				GCC_WARN_UNINITIALIZED_AUTOS = YES_AGGRESSIVE;
				GCC_WARN_UNUSED_FUNCTION = YES;
				GCC_WARN_UNUSED_VARIABLE = YES;
				IPHONEOS_DEPLOYMENT_TARGET = 16.4;
				MTL_ENABLE_DEBUG_INFO = INCLUDE_SOURCE;
				MTL_FAST_MATH = YES;
				ONLY_ACTIVE_ARCH = YES;
				SDKROOT = iphoneos;
				SWIFT_ACTIVE_COMPILATION_CONDITIONS = DEBUG;
				SWIFT_OPTIMIZATION_LEVEL = "-Onone";
			};
			name = Debug;
		};
		60436A4C2A0A5A2F008206FE /* Release */ = {
			isa = XCBuildConfiguration;
			buildSettings = {
				ALWAYS_SEARCH_USER_PATHS = NO;
				CLANG_ANALYZER_NONNULL = YES;
				CLANG_ANALYZER_NUMBER_OBJECT_CONVERSION = YES_AGGRESSIVE;
				CLANG_CXX_LANGUAGE_STANDARD = "gnu++20";
				CLANG_ENABLE_MODULES = YES;
				CLANG_ENABLE_OBJC_ARC = YES;
				CLANG_ENABLE_OBJC_WEAK = YES;
				CLANG_WARN_BLOCK_CAPTURE_AUTORELEASING = YES;
				CLANG_WARN_BOOL_CONVERSION = YES;
				CLANG_WARN_COMMA = YES;
				CLANG_WARN_CONSTANT_CONVERSION = YES;
				CLANG_WARN_DEPRECATED_OBJC_IMPLEMENTATIONS = YES;
				CLANG_WARN_DIRECT_OBJC_ISA_USAGE = YES_ERROR;
				CLANG_WARN_DOCUMENTATION_COMMENTS = YES;
				CLANG_WARN_EMPTY_BODY = YES;
				CLANG_WARN_ENUM_CONVERSION = YES;
				CLANG_WARN_INFINITE_RECURSION = YES;
				CLANG_WARN_INT_CONVERSION = YES;
				CLANG_WARN_NON_LITERAL_NULL_CONVERSION = YES;
				CLANG_WARN_OBJC_IMPLICIT_RETAIN_SELF = YES;
				CLANG_WARN_OBJC_LITERAL_CONVERSION = YES;
				CLANG_WARN_OBJC_ROOT_CLASS = YES_ERROR;
				CLANG_WARN_QUOTED_INCLUDE_IN_FRAMEWORK_HEADER = YES;
				CLANG_WARN_RANGE_LOOP_ANALYSIS = YES;
				CLANG_WARN_STRICT_PROTOTYPES = YES;
				CLANG_WARN_SUSPICIOUS_MOVE = YES;
				CLANG_WARN_UNGUARDED_AVAILABILITY = YES_AGGRESSIVE;
				CLANG_WARN_UNREACHABLE_CODE = YES;
				CLANG_WARN__DUPLICATE_METHOD_MATCH = YES;
				COPY_PHASE_STRIP = NO;
				DEBUG_INFORMATION_FORMAT = "dwarf-with-dsym";
				ENABLE_NS_ASSERTIONS = NO;
				ENABLE_STRICT_OBJC_MSGSEND = YES;
				GCC_C_LANGUAGE_STANDARD = gnu11;
				GCC_NO_COMMON_BLOCKS = YES;
				GCC_WARN_64_TO_32_BIT_CONVERSION = YES;
				GCC_WARN_ABOUT_RETURN_TYPE = YES_ERROR;
				GCC_WARN_UNDECLARED_SELECTOR = YES;
				GCC_WARN_UNINITIALIZED_AUTOS = YES_AGGRESSIVE;
				GCC_WARN_UNUSED_FUNCTION = YES;
				GCC_WARN_UNUSED_VARIABLE = YES;
				IPHONEOS_DEPLOYMENT_TARGET = 16.4;
				MTL_ENABLE_DEBUG_INFO = NO;
				MTL_FAST_MATH = YES;
				SDKROOT = iphoneos;
				SWIFT_COMPILATION_MODE = wholemodule;
				SWIFT_OPTIMIZATION_LEVEL = "-O";
				VALIDATE_PRODUCT = YES;
			};
			name = Release;
		};
		60436A4E2A0A5A2F008206FE /* Debug */ = {
			isa = XCBuildConfiguration;
			buildSettings = {
				ASSETCATALOG_COMPILER_APPICON_NAME = AppIcon;
				ASSETCATALOG_COMPILER_GLOBAL_ACCENT_COLOR_NAME = AccentColor;
				CODE_SIGN_STYLE = Automatic;
				CURRENT_PROJECT_VERSION = 1;
				DEVELOPMENT_TEAM = 8596MXNNFG;
				GENERATE_INFOPLIST_FILE = YES;
				INFOPLIST_FILE = LoginForm/App/Info.plist;
				INFOPLIST_KEY_UIApplicationSupportsIndirectInputEvents = YES;
				INFOPLIST_KEY_UILaunchStoryboardName = LaunchScreen;
				INFOPLIST_KEY_UIMainStoryboardFile = Main;
				INFOPLIST_KEY_UISupportedInterfaceOrientations = UIInterfaceOrientationPortrait;
				INFOPLIST_KEY_UISupportedInterfaceOrientations_iPad = "UIInterfaceOrientationLandscapeLeft UIInterfaceOrientationLandscapeRight UIInterfaceOrientationPortrait UIInterfaceOrientationPortraitUpsideDown";
				LD_RUNPATH_SEARCH_PATHS = (
					"$(inherited)",
					"@executable_path/Frameworks",
				);
				MARKETING_VERSION = 1.0;
				PRODUCT_BUNDLE_IDENTIFIER = Home.LoginForm;
				PRODUCT_NAME = "$(TARGET_NAME)";
				SUPPORTED_PLATFORMS = "iphoneos iphonesimulator";
				SUPPORTS_MACCATALYST = NO;
				SUPPORTS_MAC_DESIGNED_FOR_IPHONE_IPAD = NO;
				SWIFT_EMIT_LOC_STRINGS = YES;
				SWIFT_VERSION = 5.0;
				TARGETED_DEVICE_FAMILY = 1;
			};
			name = Debug;
		};
		60436A4F2A0A5A2F008206FE /* Release */ = {
			isa = XCBuildConfiguration;
			buildSettings = {
				ASSETCATALOG_COMPILER_APPICON_NAME = AppIcon;
				ASSETCATALOG_COMPILER_GLOBAL_ACCENT_COLOR_NAME = AccentColor;
				CODE_SIGN_STYLE = Automatic;
				CURRENT_PROJECT_VERSION = 1;
				DEVELOPMENT_TEAM = 8596MXNNFG;
				GENERATE_INFOPLIST_FILE = YES;
				INFOPLIST_FILE = LoginForm/App/Info.plist;
				INFOPLIST_KEY_UIApplicationSupportsIndirectInputEvents = YES;
				INFOPLIST_KEY_UILaunchStoryboardName = LaunchScreen;
				INFOPLIST_KEY_UIMainStoryboardFile = Main;
				INFOPLIST_KEY_UISupportedInterfaceOrientations = UIInterfaceOrientationPortrait;
				INFOPLIST_KEY_UISupportedInterfaceOrientations_iPad = "UIInterfaceOrientationLandscapeLeft UIInterfaceOrientationLandscapeRight UIInterfaceOrientationPortrait UIInterfaceOrientationPortraitUpsideDown";
				LD_RUNPATH_SEARCH_PATHS = (
					"$(inherited)",
					"@executable_path/Frameworks",
				);
				MARKETING_VERSION = 1.0;
				PRODUCT_BUNDLE_IDENTIFIER = Home.LoginForm;
				PRODUCT_NAME = "$(TARGET_NAME)";
				SUPPORTED_PLATFORMS = "iphoneos iphonesimulator";
				SUPPORTS_MACCATALYST = NO;
				SUPPORTS_MAC_DESIGNED_FOR_IPHONE_IPAD = NO;
				SWIFT_EMIT_LOC_STRINGS = YES;
				SWIFT_VERSION = 5.0;
				TARGETED_DEVICE_FAMILY = 1;
			};
			name = Release;
		};
/* End XCBuildConfiguration section */

/* Begin XCConfigurationList section */
		60436A342A0A5A2D008206FE /* Build configuration list for PBXProject "LoginForm" */ = {
			isa = XCConfigurationList;
			buildConfigurations = (
				60436A4B2A0A5A2F008206FE /* Debug */,
				60436A4C2A0A5A2F008206FE /* Release */,
			);
			defaultConfigurationIsVisible = 0;
			defaultConfigurationName = Release;
		};
		60436A4D2A0A5A2F008206FE /* Build configuration list for PBXNativeTarget "LoginForm" */ = {
			isa = XCConfigurationList;
			buildConfigurations = (
				60436A4E2A0A5A2F008206FE /* Debug */,
				60436A4F2A0A5A2F008206FE /* Release */,
			);
			defaultConfigurationIsVisible = 0;
			defaultConfigurationName = Release;
		};
/* End XCConfigurationList section */
	};
	rootObject = 60436A312A0A5A2D008206FE /* Project object */;
}
